{
  "name": "qsafe-offline-nlp",
  "version": "1.0.0",
  "lockfileVersion": 3,
  "requires": true,
  "packages": {
    "": {
      "name": "qsafe-offline-nlp",
      "version": "1.0.0",
      "dependencies": {
        "@nlpjs/language-min": "^4.25.0",
        "@nlpjs/nlp": "^4.26.1"
      }
    },
    "node_modules/@nlpjs/core": {
      "version": "4.26.1",
      "resolved": "https://registry.npmjs.org/@nlpjs/core/-/core-4.26.1.tgz",
      "integrity": "sha512-M/PeFddsi3y7Z1piFJxsLGm5/xdMhcrpOsml7s6CTEgYo8iduaT30HDd61tZxDyvvJseU6uFqlXSn7XKkAcC1g==",
      "license": "MIT"
    },
    "node_modules/@nlpjs/language-min": {
      "version": "4.25.0",
      "resolved": "https://registry.npmjs.org/@nlpjs/language-min/-/language-min-4.25.0.tgz",
      "integrity": "sha512-g8jtbDbqtRm+dlD/1Vnb4VWfKbKteApEGVTqIMxYkk6N/HMhvLZ5J2svrxzrB98a/HZ0fb//YBfFgymnz9Oukg==",
      "license": "MIT"
    },
    "node_modules/@nlpjs/ner": {
      "version": "4.27.0",
      "resolved": "https://registry.npmjs.org/@nlpjs/ner/-/ner-4.27.0.tgz",
      "integrity": "sha512-ptwkxriJdmgHSH9TfP10JQ1jviaSl2SupSFGUvTuWkuJhobQd3hbnlSq40V6XYvJNmqh9M9zEab/AKeghxYOTA==",
      "license": "MIT",
      "dependencies": {
        "@nlpjs/core": "^4.26.1",
        "@nlpjs/language-min": "^4.25.0",
        "@nlpjs/similarity": "^4.26.1"
      }
    },
    "node_modules/@nlpjs/neural": {
      "version": "4.25.0",
      "resolved": "https://registry.npmjs.org/@nlpjs/neural/-/neural-4.25.0.tgz",
      "integrity": "sha512-Oz20denGiBe0DlQsS7lN4TNrATN1nXlHKc/HB6jJPegjVmgJVCugDaHwIGoV7qOWyA6F2fRRwOgD+quNT2gVpg==",
      "license": "MIT"
    },
    "node_modules/@nlpjs/nlg": {
      "version": "4.26.1",
      "resolved": "https://registry.npmjs.org/@nlpjs/nlg/-/nlg-4.26.1.tgz",
      "integrity": "sha512-PCJWiZ7464ChXXUGvjBZIFtoqkC24Oy6X63HgQrSv+63svz22Y5Cmu1MYLk77Nb+4keWv+hKhFJKDkvJoOpBVg==",
      "license": "MIT",
      "dependencies": {
        "@nlpjs/core": "^4.26.1"
      }
    },
    "node_modules/@nlpjs/nlp": {
      "version": "4.27.0",
      "resolved": "https://registry.npmjs.org/@nlpjs/nlp/-/nlp-4.27.0.tgz",
      "integrity": "sha512-q6X7sY6TYVnQRZJKF/6mfLFlNA5oRYLhgQ5k3i1IBqH9lbWTAZJr31w/dCf97HXaYaj+vJp3h0ucfNumme9EIw==",
      "license": "MIT",
      "dependencies": {
        "@nlpjs/core": "^4.26.1",
        "@nlpjs/ner": "^4.27.0",
        "@nlpjs/nlg": "^4.26.1",
        "@nlpjs/nlu": "^4.27.0",
        "@nlpjs/sentiment": "^4.26.1",
        "@nlpjs/slot": "^4.26.1"
      }
    },
    "node_modules/@nlpjs/nlu": {
      "version": "4.27.0",
      "resolved": "https://registry.npmjs.org/@nlpjs/nlu/-/nlu-4.27.0.tgz",
      "integrity": "sha512-j4DUdoXS/y/Xag6ysYXx7Ve8NBmUVViUSCJhj3r49+zGyYtyVAHuVcqSej5q0tJjn0JSMT+6+ip8klON1q8ixw==",
      "license": "MIT",
      "dependencies": {
        "@nlpjs/core": "^4.26.1",
        "@nlpjs/language-min": "^4.25.0",
        "@nlpjs/neural": "^4.25.0",
        "@nlpjs/similarity": "^4.26.1"
      }
    },
    "node_modules/@nlpjs/sentiment": {
      "version": "4.26.1",
      "resolved": "https://registry.npmjs.org/@nlpjs/sentiment/-/sentiment-4.26.1.tgz",
      "integrity": "sha512-U2WmcW3w6yDDO45+Y7v5e6DPQj8e0x+RUUePPyRu2uIZmUtIKG+qCPMWnNLMmYQZoSQEFxmMMlLcGDC7tN7o3w==",
      "license": "MIT",
      "dependencies": {
        "@nlpjs/core": "^4.26.1",
        "@nlpjs/language-min": "^4.25.0",
        "@nlpjs/neural": "^4.25.0"
      }
    },
    "node_modules/@nlpjs/similarity": {
      "version": "4.26.1",
      "resolved": "https://registry.npmjs.org/@nlpjs/similarity/-/similarity-4.26.1.tgz",
      "integrity": "sha512-QutSBFGo/huNuz60PgqCjub0oBd9S8MLrjme33U5GzxuSvToQzXtn9/ynIia8qDm009D09VXV+LPeNE4h7yuSg==",
      "license": "MIT"
    },
    "node_modules/@nlpjs/slot": {
      "version": "4.26.1",
      "resolved": "https://registry.npmjs.org/@nlpjs/slot/-/slot-4.26.1.tgz",
      "integrity": "sha512-mK8EEy5O+mRGne822PIKMxHSFh8j+iC7hGJ6T31XdFsNhFEYXLI/0dmeBstZgTSKBTe27HNFgCCwuGb77u0o9w==",
      "license": "MIT"
    }
  }
}
